
Microsoft Visual Studio Solution File, Format Version 12.00
# Visual Studio 2012
Project("{FAE04EC0-301F-11D3-BF4B-00C04F79EFBC}") = "flightiandblueServiceStack", "flightiandblueServiceStack\flightiandblueServiceStack\flightiandblueServiceStack.csproj", "{4389B305-B381-4B50-B1A8-BBB5259A0524}"
EndProject
Project("{FAE04EC0-301F-11D3-BF4B-00C04F79EFBC}") = "flightiandblueServiceStack.ServiceModel", "flightiandblueServiceStack\flightiandblueServiceStack.ServiceModel\flightiandblueServiceStack.ServiceModel.csproj", "{53E82AC1-DD1D-4C66-B55F-F9F4ACFB2F40}"
EndProject
Project("{FAE04EC0-301F-11D3-BF4B-00C04F79EFBC}") = "flightiandblueServiceStack.ServiceInterface", "flightiandblueServiceStack\flightiandblueServiceStack.ServiceInterface\flightiandblueServiceStack.ServiceInterface.csproj", "{801A0F89-D5F6-49A6-BCEA-6624388C98A4}"
EndProject
Project("{FAE04EC0-301F-11D3-BF4B-00C04F79EFBC}") = "flightiandblueServiceStack.Tests", "flightiandblueServiceStack\flightiandblueServiceStack.Tests\flightiandblueServiceStack.Tests.csproj", "{D22B5797-9F2A-4BA7-9636-6EFCE62EBE00}"
EndProject
Project("{FAE04EC0-301F-11D3-BF4B-00C04F79EFBC}") = "BLLDALMod", "..\FlighingandBlueThreeBllDll\BLLDALMod\BLLDALMod.csproj", "{F7C040F5-73D7-4565-8DB4-31D14F223123}"
EndProject
Project("{FAE04EC0-301F-11D3-BF4B-00C04F79EFBC}") = "ConsoleApp", "..\flightingandbluechat\ConsoleApp\ConsoleApp.csproj", "{3D7680B4-0224-4F0C-B1F6-74FB7586EBDC}"
EndProject
Global
	GlobalSection(SolutionConfigurationPlatforms) = preSolution
		Debug|Any CPU = Debug|Any CPU
		Debug|Mixed Platforms = Debug|Mixed Platforms
		Debug|x86 = Debug|x86
		Release|Any CPU = Release|Any CPU
		Release|Mixed Platforms = Release|Mixed Platforms
		Release|x86 = Release|x86
	EndGlobalSection
	GlobalSection(ProjectConfigurationPlatforms) = postSolution
		{4389B305-B381-4B50-B1A8-BBB5259A0524}.Debug|Any CPU.ActiveCfg = Debug|Any CPU
		{4389B305-B381-4B50-B1A8-BBB5259A0524}.Debug|Any CPU.Build.0 = Debug|Any CPU
		{4389B305-B381-4B50-B1A8-BBB5259A0524}.Debug|Mixed Platforms.ActiveCfg = Debug|Any CPU
		{4389B305-B381-4B50-B1A8-BBB5259A0524}.Debug|Mixed Platforms.Build.0 = Debug|Any CPU
		{4389B305-B381-4B50-B1A8-BBB5259A0524}.Debug|x86.ActiveCfg = Debug|Any CPU
		{4389B305-B381-4B50-B1A8-BBB5259A0524}.Release|Any CPU.ActiveCfg = Release|Any CPU
		{4389B305-B381-4B50-B1A8-BBB5259A0524}.Release|Any CPU.Build.0 = Release|Any CPU
		{4389B305-B381-4B50-B1A8-BBB5259A0524}.Release|Mixed Platforms.ActiveCfg = Release|Any CPU
		{4389B305-B381-4B50-B1A8-BBB5259A0524}.Release|Mixed Platforms.Build.0 = Release|Any CPU
		{4389B305-B381-4B50-B1A8-BBB5259A0524}.Release|x86.ActiveCfg = Release|Any CPU
		{53E82AC1-DD1D-4C66-B55F-F9F4ACFB2F40}.Debug|Any CPU.ActiveCfg = Debug|Any CPU
		{53E82AC1-DD1D-4C66-B55F-F9F4ACFB2F40}.Debug|Any CPU.Build.0 = Debug|Any CPU
		{53E82AC1-DD1D-4C66-B55F-F9F4ACFB2F40}.Debug|Mixed Platforms.ActiveCfg = Debug|Any CPU
		{53E82AC1-DD1D-4C66-B55F-F9F4ACFB2F40}.Debug|Mixed Platforms.Build.0 = Debug|Any CPU
		{53E82AC1-DD1D-4C66-B55F-F9F4ACFB2F40}.Debug|x86.ActiveCfg = Debug|Any CPU
		{53E82AC1-DD1D-4C66-B55F-F9F4ACFB2F40}.Release|Any CPU.ActiveCfg = Release|Any CPU
		{53E82AC1-DD1D-4C66-B55F-F9F4ACFB2F40}.Release|Any CPU.Build.0 = Release|Any CPU
		{53E82AC1-DD1D-4C66-B55F-F9F4ACFB2F40}.Release|Mixed Platforms.ActiveCfg = Release|Any CPU
		{53E82AC1-DD1D-4C66-B55F-F9F4ACFB2F40}.Release|Mixed Platforms.Build.0 = Release|Any CPU
		{53E82AC1-DD1D-4C66-B55F-F9F4ACFB2F40}.Release|x86.ActiveCfg = Release|Any CPU
		{801A0F89-D5F6-49A6-BCEA-6624388C98A4}.Debug|Any CPU.ActiveCfg = Debug|Any CPU
		{801A0F89-D5F6-49A6-BCEA-6624388C98A4}.Debug|Any CPU.Build.0 = Debug|Any CPU
		{801A0F89-D5F6-49A6-BCEA-6624388C98A4}.Debug|Mixed Platforms.ActiveCfg = Debug|Any CPU
		{801A0F89-D5F6-49A6-BCEA-6624388C98A4}.Debug|Mixed Platforms.Build.0 = Debug|Any CPU
		{801A0F89-D5F6-49A6-BCEA-6624388C98A4}.Debug|x86.ActiveCfg = Debug|Any CPU
		{801A0F89-D5F6-49A6-BCEA-6624388C98A4}.Release|Any CPU.ActiveCfg = Release|Any CPU
		{801A0F89-D5F6-49A6-BCEA-6624388C98A4}.Release|Any CPU.Build.0 = Release|Any CPU
		{801A0F89-D5F6-49A6-BCEA-6624388C98A4}.Release|Mixed Platforms.ActiveCfg = Release|Any CPU
		{801A0F89-D5F6-49A6-BCEA-6624388C98A4}.Release|Mixed Platforms.Build.0 = Release|Any CPU
		{801A0F89-D5F6-49A6-BCEA-6624388C98A4}.Release|x86.ActiveCfg = Release|Any CPU
		{D22B5797-9F2A-4BA7-9636-6EFCE62EBE00}.Debug|Any CPU.ActiveCfg = Debug|Any CPU
		{D22B5797-9F2A-4BA7-9636-6EFCE62EBE00}.Debug|Any CPU.Build.0 = Debug|Any CPU
		{D22B5797-9F2A-4BA7-9636-6EFCE62EBE00}.Debug|Mixed Platforms.ActiveCfg = Debug|Any CPU
		{D22B5797-9F2A-4BA7-9636-6EFCE62EBE00}.Debug|Mixed Platforms.Build.0 = Debug|Any CPU
		{D22B5797-9F2A-4BA7-9636-6EFCE62EBE00}.Debug|x86.ActiveCfg = Debug|Any CPU
		{D22B5797-9F2A-4BA7-9636-6EFCE62EBE00}.Release|Any CPU.ActiveCfg = Release|Any CPU
		{D22B5797-9F2A-4BA7-9636-6EFCE62EBE00}.Release|Any CPU.Build.0 = Release|Any CPU
		{D22B5797-9F2A-4BA7-9636-6EFCE62EBE00}.Release|Mixed Platforms.ActiveCfg = Release|Any CPU
		{D22B5797-9F2A-4BA7-9636-6EFCE62EBE00}.Release|Mixed Platforms.Build.0 = Release|Any CPU
		{D22B5797-9F2A-4BA7-9636-6EFCE62EBE00}.Release|x86.ActiveCfg = Release|Any CPU
		{F7C040F5-73D7-4565-8DB4-31D14F223123}.Debug|Any CPU.ActiveCfg = Debug|Any CPU
		{F7C040F5-73D7-4565-8DB4-31D14F223123}.Debug|Any CPU.Build.0 = Debug|Any CPU
		{F7C040F5-73D7-4565-8DB4-31D14F223123}.Debug|Mixed Platforms.ActiveCfg = Debug|Any CPU
		{F7C040F5-73D7-4565-8DB4-31D14F223123}.Debug|Mixed Platforms.Build.0 = Debug|Any CPU
		{F7C040F5-73D7-4565-8DB4-31D14F223123}.Debug|x86.ActiveCfg = Debug|Any CPU
		{F7C040F5-73D7-4565-8DB4-31D14F223123}.Release|Any CPU.ActiveCfg = Release|Any CPU
		{F7C040F5-73D7-4565-8DB4-31D14F223123}.Release|Any CPU.Build.0 = Release|Any CPU
		{F7C040F5-73D7-4565-8DB4-31D14F223123}.Release|Mixed Platforms.ActiveCfg = Release|Any CPU
		{F7C040F5-73D7-4565-8DB4-31D14F223123}.Release|Mixed Platforms.Build.0 = Release|Any CPU
		{F7C040F5-73D7-4565-8DB4-31D14F223123}.Release|x86.ActiveCfg = Release|Any CPU
		{3D7680B4-0224-4F0C-B1F6-74FB7586EBDC}.Debug|Any CPU.ActiveCfg = Debug|x86
		{3D7680B4-0224-4F0C-B1F6-74FB7586EBDC}.Debug|Mixed Platforms.ActiveCfg = Debug|x86
		{3D7680B4-0224-4F0C-B1F6-74FB7586EBDC}.Debug|Mixed Platforms.Build.0 = Debug|x86
		{3D7680B4-0224-4F0C-B1F6-74FB7586EBDC}.Debug|x86.ActiveCfg = Debug|x86
		{3D7680B4-0224-4F0C-B1F6-74FB7586EBDC}.Debug|x86.Build.0 = Debug|x86
		{3D7680B4-0224-4F0C-B1F6-74FB7586EBDC}.Release|Any CPU.ActiveCfg = Release|x86
		{3D7680B4-0224-4F0C-B1F6-74FB7586EBDC}.Release|Mixed Platforms.ActiveCfg = Release|x86
		{3D7680B4-0224-4F0C-B1F6-74FB7586EBDC}.Release|Mixed Platforms.Build.0 = Release|x86
		{3D7680B4-0224-4F0C-B1F6-74FB7586EBDC}.Release|x86.ActiveCfg = Release|x86
		{3D7680B4-0224-4F0C-B1F6-74FB7586EBDC}.Release|x86.Build.0 = Release|x86
	EndGlobalSection
	GlobalSection(SolutionProperties) = preSolution
		HideSolutionNode = FALSE
	EndGlobalSection
EndGlobal
